
Microsoft Visual Studio Solution File, Format Version 12.00
# Visual Studio Version 17
VisualStudioVersion = 17.0.32126.317
MinimumVisualStudioVersion = 10.0.40219.1
Project("{FAE04EC0-301F-11D3-BF4B-00C04F79EFBC}") = "JWT", "JWT\JWT.csproj", "{2BD138E1-A9FC-4C22-B430-6E3D1BF2F455}"
EndProject
Global
	GlobalSection(SolutionConfigurationPlatforms) = preSolution
		Debug|Any CPU = Debug|Any CPU
		Release|Any CPU = Release|Any CPU
	EndGlobalSection
	GlobalSection(ProjectConfigurationPlatforms) = postSolution
		{2BD138E1-A9FC-4C22-B430-6E3D1BF2F455}.Debug|Any CPU.ActiveCfg = Debug|Any CPU
		{2BD138E1-A9FC-4C22-B430-6E3D1BF2F455}.Debug|Any CPU.Build.0 = Debug|Any CPU
		{2BD138E1-A9FC-4C22-B430-6E3D1BF2F455}.Release|Any CPU.ActiveCfg = Release|Any CPU
		{2BD138E1-A9FC-4C22-B430-6E3D1BF2F455}.Release|Any CPU.Build.0 = Release|Any CPU
	EndGlobalSection
	GlobalSection(SolutionProperties) = preSolution
		HideSolutionNode = FALSE
	EndGlobalSection
	GlobalSection(ExtensibilityGlobals) = postSolution
		SolutionGuid = {145096BE-4AB0-4563-9548-D0C01C2FF51E}
	EndGlobalSection
EndGlobal
